// !$*UTF8*$!
{
	archiveVersion = 1;
	classes = {
	};
	objectVersion = 48;
	objects = {

/* Begin PBXBuildFile section */
		6EB9D7AE2050515E0033399D /* AppDelegate.swift in Sources */ = {isa = PBXBuildFile; fileRef = 6EB9D7AD2050515E0033399D /* AppDelegate.swift */; };
		6EB9D7B52050515E0033399D /* Assets.xcassets in Resources */ = {isa = PBXBuildFile; fileRef = 6EB9D7B42050515E0033399D /* Assets.xcassets */; };
		6EB9D7B82050515E0033399D /* LaunchScreen.storyboard in Resources */ = {isa = PBXBuildFile; fileRef = 6EB9D7B62050515E0033399D /* LaunchScreen.storyboard */; };
		6EB9D7C1205051EB0033399D /* MediaItemsViewController.swift in Sources */ = {isa = PBXBuildFile; fileRef = 6EB9D7BF205051EB0033399D /* MediaItemsViewController.swift */; };
		6EB9D7C2205051EB0033399D /* MediaItemsViewController.xib in Resources */ = {isa = PBXBuildFile; fileRef = 6EB9D7C0205051EB0033399D /* MediaItemsViewController.xib */; };
		6EB9D7C6205057ED0033399D /* AppAssembly.swift in Sources */ = {isa = PBXBuildFile; fileRef = 6EB9D7C5205057ED0033399D /* AppAssembly.swift */; };
		6EB9D7C82050584C0033399D /* AppCoordinator.swift in Sources */ = {isa = PBXBuildFile; fileRef = 6EB9D7C72050584C0033399D /* AppCoordinator.swift */; };
		6EB9D7CA205058600033399D /* TabsCoordinator.swift in Sources */ = {isa = PBXBuildFile; fileRef = 6EB9D7C9205058600033399D /* TabsCoordinator.swift */; };
		6EB9D7CC205058AA0033399D /* Coordinable.swift in Sources */ = {isa = PBXBuildFile; fileRef = 6EB9D7CB205058AA0033399D /* Coordinable.swift */; };
		6EB9D7CF205060C70033399D /* MediaItemsTabCoordinator.swift in Sources */ = {isa = PBXBuildFile; fileRef = 6EB9D7CE205060C70033399D /* MediaItemsTabCoordinator.swift */; };
		6EB9D7D2205061ED0033399D /* MediaItemsViewModel.swift in Sources */ = {isa = PBXBuildFile; fileRef = 6EB9D7D1205061ED0033399D /* MediaItemsViewModel.swift */; };
		DFBB735B54D6C17C81B216A8 /* Pods_FilmsBoard.framework in Frameworks */ = {isa = PBXBuildFile; fileRef = 5FD6C39473E430CF495561E4 /* Pods_FilmsBoard.framework */; };
/* End PBXBuildFile section */

/* Begin PBXFileReference section */
		216115232FF2026C0652E0D5 /* Pods-FilmsBoard.debug.xcconfig */ = {isa = PBXFileReference; includeInIndex = 1; lastKnownFileType = text.xcconfig; name = "Pods-FilmsBoard.debug.xcconfig"; path = "Pods/Target Support Files/Pods-FilmsBoard/Pods-FilmsBoard.debug.xcconfig"; sourceTree = "<group>"; };
		5FD6C39473E430CF495561E4 /* Pods_FilmsBoard.framework */ = {isa = PBXFileReference; explicitFileType = wrapper.framework; includeInIndex = 0; path = Pods_FilmsBoard.framework; sourceTree = BUILT_PRODUCTS_DIR; };
		6EB9D7AA2050515E0033399D /* FilmsBoard.app */ = {isa = PBXFileReference; explicitFileType = wrapper.application; includeInIndex = 0; path = FilmsBoard.app; sourceTree = BUILT_PRODUCTS_DIR; };
		6EB9D7AD2050515E0033399D /* AppDelegate.swift */ = {isa = PBXFileReference; lastKnownFileType = sourcecode.swift; path = AppDelegate.swift; sourceTree = "<group>"; };
		6EB9D7B42050515E0033399D /* Assets.xcassets */ = {isa = PBXFileReference; lastKnownFileType = folder.assetcatalog; path = Assets.xcassets; sourceTree = "<group>"; };
		6EB9D7B72050515E0033399D /* Base */ = {isa = PBXFileReference; lastKnownFileType = file.storyboard; name = Base; path = Base.lproj/LaunchScreen.storyboard; sourceTree = "<group>"; };
		6EB9D7B92050515E0033399D /* Info.plist */ = {isa = PBXFileReference; lastKnownFileType = text.plist.xml; path = Info.plist; sourceTree = "<group>"; };
		6EB9D7BF205051EB0033399D /* MediaItemsViewController.swift */ = {isa = PBXFileReference; lastKnownFileType = sourcecode.swift; path = MediaItemsViewController.swift; sourceTree = "<group>"; };
		6EB9D7C0205051EB0033399D /* MediaItemsViewController.xib */ = {isa = PBXFileReference; lastKnownFileType = file.xib; path = MediaItemsViewController.xib; sourceTree = "<group>"; };
		6EB9D7C5205057ED0033399D /* AppAssembly.swift */ = {isa = PBXFileReference; lastKnownFileType = sourcecode.swift; path = AppAssembly.swift; sourceTree = "<group>"; };
		6EB9D7C72050584C0033399D /* AppCoordinator.swift */ = {isa = PBXFileReference; lastKnownFileType = sourcecode.swift; path = AppCoordinator.swift; sourceTree = "<group>"; };
		6EB9D7C9205058600033399D /* TabsCoordinator.swift */ = {isa = PBXFileReference; lastKnownFileType = sourcecode.swift; path = TabsCoordinator.swift; sourceTree = "<group>"; };
		6EB9D7CB205058AA0033399D /* Coordinable.swift */ = {isa = PBXFileReference; lastKnownFileType = sourcecode.swift; path = Coordinable.swift; sourceTree = "<group>"; };
		6EB9D7CE205060C70033399D /* MediaItemsTabCoordinator.swift */ = {isa = PBXFileReference; lastKnownFileType = sourcecode.swift; path = MediaItemsTabCoordinator.swift; sourceTree = "<group>"; };
		6EB9D7D1205061ED0033399D /* MediaItemsViewModel.swift */ = {isa = PBXFileReference; lastKnownFileType = sourcecode.swift; path = MediaItemsViewModel.swift; sourceTree = "<group>"; };
		AF220B54FBDFB57EB01B33D5 /* Pods-FilmsBoard.release.xcconfig */ = {isa = PBXFileReference; includeInIndex = 1; lastKnownFileType = text.xcconfig; name = "Pods-FilmsBoard.release.xcconfig"; path = "Pods/Target Support Files/Pods-FilmsBoard/Pods-FilmsBoard.release.xcconfig"; sourceTree = "<group>"; };
/* End PBXFileReference section */

/* Begin PBXFrameworksBuildPhase section */
		6EB9D7A72050515E0033399D /* Frameworks */ = {
			isa = PBXFrameworksBuildPhase;
			buildActionMask = 2147483647;
			files = (
				DFBB735B54D6C17C81B216A8 /* Pods_FilmsBoard.framework in Frameworks */,
			);
			runOnlyForDeploymentPostprocessing = 0;
		};
/* End PBXFrameworksBuildPhase section */

/* Begin PBXGroup section */
		6EB9D7A12050515E0033399D = {
			isa = PBXGroup;
			children = (
				6EB9D7AC2050515E0033399D /* FilmsBoard */,
				6EB9D7AB2050515E0033399D /* Products */,
				86DEA0B84694131347D9BCCA /* Pods */,
				82672B4FDE203313AC1170F7 /* Frameworks */,
			);
			sourceTree = "<group>";
		};
		6EB9D7AB2050515E0033399D /* Products */ = {
			isa = PBXGroup;
			children = (
				6EB9D7AA2050515E0033399D /* FilmsBoard.app */,
			);
			name = Products;
			sourceTree = "<group>";
		};
		6EB9D7AC2050515E0033399D /* FilmsBoard */ = {
			isa = PBXGroup;
			children = (
				6EB9D7C3205057C50033399D /* Typhoon */,
				6EB9D7C4205057CD0033399D /* RouteCoordinators */,
				6EB9D7D0205060F60033399D /* MediaItemsScreen */,
				6EB9D7AD2050515E0033399D /* AppDelegate.swift */,
				6EB9D7B42050515E0033399D /* Assets.xcassets */,
				6EB9D7B62050515E0033399D /* LaunchScreen.storyboard */,
				6EB9D7B92050515E0033399D /* Info.plist */,
			);
			path = FilmsBoard;
			sourceTree = "<group>";
		};
		6EB9D7C3205057C50033399D /* Typhoon */ = {
			isa = PBXGroup;
			children = (
				6EB9D7C5205057ED0033399D /* AppAssembly.swift */,
			);
			path = Typhoon;
			sourceTree = "<group>";
		};
		6EB9D7C4205057CD0033399D /* RouteCoordinators */ = {
			isa = PBXGroup;
			children = (
				6EB9D7C72050584C0033399D /* AppCoordinator.swift */,
				6EB9D7C9205058600033399D /* TabsCoordinator.swift */,
				6EB9D7CE205060C70033399D /* MediaItemsTabCoordinator.swift */,
				6EB9D7CB205058AA0033399D /* Coordinable.swift */,
			);
			path = RouteCoordinators;
			sourceTree = "<group>";
		};
		6EB9D7D0205060F60033399D /* MediaItemsScreen */ = {
			isa = PBXGroup;
			children = (
				6EB9D7BF205051EB0033399D /* MediaItemsViewController.swift */,
				6EB9D7C0205051EB0033399D /* MediaItemsViewController.xib */,
				6EB9D7D1205061ED0033399D /* MediaItemsViewModel.swift */,
			);
			path = MediaItemsScreen;
			sourceTree = "<group>";
		};
		82672B4FDE203313AC1170F7 /* Frameworks */ = {
			isa = PBXGroup;
			children = (
				5FD6C39473E430CF495561E4 /* Pods_FilmsBoard.framework */,
			);
			name = Frameworks;
			sourceTree = "<group>";
		};
		86DEA0B84694131347D9BCCA /* Pods */ = {
			isa = PBXGroup;
			children = (
				216115232FF2026C0652E0D5 /* Pods-FilmsBoard.debug.xcconfig */,
				AF220B54FBDFB57EB01B33D5 /* Pods-FilmsBoard.release.xcconfig */,
			);
			name = Pods;
			sourceTree = "<group>";
		};
/* End PBXGroup section */

/* Begin PBXNativeTarget section */
		6EB9D7A92050515E0033399D /* FilmsBoard */ = {
			isa = PBXNativeTarget;
			buildConfigurationList = 6EB9D7BC2050515E0033399D /* Build configuration list for PBXNativeTarget "FilmsBoard" */;
			buildPhases = (
				B120F13E12115999E14BFA0B /* [CP] Check Pods Manifest.lock */,
				6EB9D7A62050515E0033399D /* Sources */,
				6EB9D7A72050515E0033399D /* Frameworks */,
				6EB9D7A82050515E0033399D /* Resources */,
				B6AADE31B169245FE64DBE38 /* [CP] Embed Pods Frameworks */,
				C78B192A563F5F0FD6C8EA7D /* [CP] Copy Pods Resources */,
			);
			buildRules = (
			);
			dependencies = (
			);
			name = FilmsBoard;
			productName = FilmsBoard;
			productReference = 6EB9D7AA2050515E0033399D /* FilmsBoard.app */;
			productType = "com.apple.product-type.application";
		};
/* End PBXNativeTarget section */

/* Begin PBXProject section */
		6EB9D7A22050515E0033399D /* Project object */ = {
			isa = PBXProject;
			attributes = {
				LastSwiftUpdateCheck = 0920;
				LastUpgradeCheck = 0920;
				ORGANIZATIONNAME = Pablo;
				TargetAttributes = {
					6EB9D7A92050515E0033399D = {
						CreatedOnToolsVersion = 9.2;
						ProvisioningStyle = Automatic;
					};
				};
			};
			buildConfigurationList = 6EB9D7A52050515E0033399D /* Build configuration list for PBXProject "FilmsBoard" */;
			compatibilityVersion = "Xcode 8.0";
			developmentRegion = en;
			hasScannedForEncodings = 0;
			knownRegions = (
				en,
				Base,
			);
			mainGroup = 6EB9D7A12050515E0033399D;
			productRefGroup = 6EB9D7AB2050515E0033399D /* Products */;
			projectDirPath = "";
			projectRoot = "";
			targets = (
				6EB9D7A92050515E0033399D /* FilmsBoard */,
			);
		};
/* End PBXProject section */

/* Begin PBXResourcesBuildPhase section */
		6EB9D7A82050515E0033399D /* Resources */ = {
			isa = PBXResourcesBuildPhase;
			buildActionMask = 2147483647;
			files = (
				6EB9D7B82050515E0033399D /* LaunchScreen.storyboard in Resources */,
				6EB9D7C2205051EB0033399D /* MediaItemsViewController.xib in Resources */,
				6EB9D7B52050515E0033399D /* Assets.xcassets in Resources */,
			);
			runOnlyForDeploymentPostprocessing = 0;
		};
/* End PBXResourcesBuildPhase section */

/* Begin PBXShellScriptBuildPhase section */
		B120F13E12115999E14BFA0B /* [CP] Check Pods Manifest.lock */ = {
			isa = PBXShellScriptBuildPhase;
			buildActionMask = 2147483647;
			files = (
			);
			inputPaths = (
				"${PODS_PODFILE_DIR_PATH}/Podfile.lock",
				"${PODS_ROOT}/Manifest.lock",
			);
			name = "[CP] Check Pods Manifest.lock";
			outputPaths = (
				"$(DERIVED_FILE_DIR)/Pods-FilmsBoard-checkManifestLockResult.txt",
			);
			runOnlyForDeploymentPostprocessing = 0;
			shellPath = /bin/sh;
			shellScript = "diff \"${PODS_PODFILE_DIR_PATH}/Podfile.lock\" \"${PODS_ROOT}/Manifest.lock\" > /dev/null\nif [ $? != 0 ] ; then\n    # print error to STDERR\n    echo \"error: The sandbox is not in sync with the Podfile.lock. Run 'pod install' or update your CocoaPods installation.\" >&2\n    exit 1\nfi\n# This output is used by Xcode 'outputs' to avoid re-running this script phase.\necho \"SUCCESS\" > \"${SCRIPT_OUTPUT_FILE_0}\"\n";
			showEnvVarsInLog = 0;
		};
		B6AADE31B169245FE64DBE38 /* [CP] Embed Pods Frameworks */ = {
			isa = PBXShellScriptBuildPhase;
			buildActionMask = 2147483647;
			files = (
			);
			inputPaths = (
				"${SRCROOT}/Pods/Target Support Files/Pods-FilmsBoard/Pods-FilmsBoard-frameworks.sh",
				"${BUILT_PRODUCTS_DIR}/Typhoon/Typhoon.framework",
			);
			name = "[CP] Embed Pods Frameworks";
			outputPaths = (
				"${TARGET_BUILD_DIR}/${FRAMEWORKS_FOLDER_PATH}/Typhoon.framework",
			);
			runOnlyForDeploymentPostprocessing = 0;
			shellPath = /bin/sh;
			shellScript = "\"${SRCROOT}/Pods/Target Support Files/Pods-FilmsBoard/Pods-FilmsBoard-frameworks.sh\"\n";
			showEnvVarsInLog = 0;
		};
		C78B192A563F5F0FD6C8EA7D /* [CP] Copy Pods Resources */ = {
			isa = PBXShellScriptBuildPhase;
			buildActionMask = 2147483647;
			files = (
			);
			inputPaths = (
			);
			name = "[CP] Copy Pods Resources";
			outputPaths = (
			);
			runOnlyForDeploymentPostprocessing = 0;
			shellPath = /bin/sh;
			shellScript = "\"${SRCROOT}/Pods/Target Support Files/Pods-FilmsBoard/Pods-FilmsBoard-resources.sh\"\n";
			showEnvVarsInLog = 0;
		};
/* End PBXShellScriptBuildPhase section */

/* Begin PBXSourcesBuildPhase section */
		6EB9D7A62050515E0033399D /* Sources */ = {
			isa = PBXSourcesBuildPhase;
			buildActionMask = 2147483647;
			files = (
				6EB9D7CA205058600033399D /* TabsCoordinator.swift in Sources */,
				6EB9D7C82050584C0033399D /* AppCoordinator.swift in Sources */,
				6EB9D7D2205061ED0033399D /* MediaItemsViewModel.swift in Sources */,
				6EB9D7CC205058AA0033399D /* Coordinable.swift in Sources */,
				6EB9D7C6205057ED0033399D /* AppAssembly.swift in Sources */,
				6EB9D7CF205060C70033399D /* MediaItemsTabCoordinator.swift in Sources */,
				6EB9D7C1205051EB0033399D /* MediaItemsViewController.swift in Sources */,
				6EB9D7AE2050515E0033399D /* AppDelegate.swift in Sources */,
			);
			runOnlyForDeploymentPostprocessing = 0;
		};
/* End PBXSourcesBuildPhase section */

/* Begin PBXVariantGroup section */
		6EB9D7B62050515E0033399D /* LaunchScreen.storyboard */ = {
			isa = PBXVariantGroup;
			children = (
				6EB9D7B72050515E0033399D /* Base */,
			);
			name = LaunchScreen.storyboard;
			sourceTree = "<group>";
		};
/* End PBXVariantGroup section */

/* Begin XCBuildConfiguration section */
		6EB9D7BA2050515E0033399D /* Debug */ = {
			isa = XCBuildConfiguration;
			buildSettings = {
				ALWAYS_SEARCH_USER_PATHS = NO;
				CLANG_ANALYZER_NONNULL = YES;
				CLANG_ANALYZER_NUMBER_OBJECT_CONVERSION = YES_AGGRESSIVE;
				CLANG_CXX_LANGUAGE_STANDARD = "gnu++14";
				CLANG_CXX_LIBRARY = "libc++";
				CLANG_ENABLE_MODULES = YES;
				CLANG_ENABLE_OBJC_ARC = YES;
				CLANG_WARN_BLOCK_CAPTURE_AUTORELEASING = YES;
				CLANG_WARN_BOOL_CONVERSION = YES;
				CLANG_WARN_COMMA = YES;
				CLANG_WARN_CONSTANT_CONVERSION = YES;
				CLANG_WARN_DIRECT_OBJC_ISA_USAGE = YES_ERROR;
				CLANG_WARN_DOCUMENTATION_COMMENTS = YES;
				CLANG_WARN_EMPTY_BODY = YES;
				CLANG_WARN_ENUM_CONVERSION = YES;
				CLANG_WARN_INFINITE_RECURSION = YES;
				CLANG_WARN_INT_CONVERSION = YES;
				CLANG_WARN_NON_LITERAL_NULL_CONVERSION = YES;
				CLANG_WARN_OBJC_LITERAL_CONVERSION = YES;
				CLANG_WARN_OBJC_ROOT_CLASS = YES_ERROR;
				CLANG_WARN_RANGE_LOOP_ANALYSIS = YES;
				CLANG_WARN_STRICT_PROTOTYPES = YES;
				CLANG_WARN_SUSPICIOUS_MOVE = YES;
				CLANG_WARN_UNGUARDED_AVAILABILITY = YES_AGGRESSIVE;
				CLANG_WARN_UNREACHABLE_CODE = YES;
				CLANG_WARN__DUPLICATE_METHOD_MATCH = YES;
				CODE_SIGN_IDENTITY = "iPhone Developer";
				COPY_PHASE_STRIP = NO;
				DEBUG_INFORMATION_FORMAT = dwarf;
				ENABLE_STRICT_OBJC_MSGSEND = YES;
				ENABLE_TESTABILITY = YES;
				GCC_C_LANGUAGE_STANDARD = gnu11;
				GCC_DYNAMIC_NO_PIC = NO;
				GCC_NO_COMMON_BLOCKS = YES;
				GCC_OPTIMIZATION_LEVEL = 0;
				GCC_PREPROCESSOR_DEFINITIONS = (
					"DEBUG=1",
					"$(inherited)",
				);
				GCC_WARN_64_TO_32_BIT_CONVERSION = YES;
				GCC_WARN_ABOUT_RETURN_TYPE = YES_ERROR;
				GCC_WARN_UNDECLARED_SELECTOR = YES;
				GCC_WARN_UNINITIALIZED_AUTOS = YES_AGGRESSIVE;
				GCC_WARN_UNUSED_FUNCTION = YES;
				GCC_WARN_UNUSED_VARIABLE = YES;
				IPHONEOS_DEPLOYMENT_TARGET = 11.2;
				MTL_ENABLE_DEBUG_INFO = YES;
				ONLY_ACTIVE_ARCH = YES;
				SDKROOT = iphoneos;
				SWIFT_ACTIVE_COMPILATION_CONDITIONS = DEBUG;
				SWIFT_OPTIMIZATION_LEVEL = "-Onone";
			};
			name = Debug;
		};
		6EB9D7BB2050515E0033399D /* Release */ = {
			isa = XCBuildConfiguration;
			buildSettings = {
				ALWAYS_SEARCH_USER_PATHS = NO;
				CLANG_ANALYZER_NONNULL = YES;
				CLANG_ANALYZER_NUMBER_OBJECT_CONVERSION = YES_AGGRESSIVE;
				CLANG_CXX_LANGUAGE_STANDARD = "gnu++14";
				CLANG_CXX_LIBRARY = "libc++";
				CLANG_ENABLE_MODULES = YES;
				CLANG_ENABLE_OBJC_ARC = YES;
				CLANG_WARN_BLOCK_CAPTURE_AUTORELEASING = YES;
				CLANG_WARN_BOOL_CONVERSION = YES;
				CLANG_WARN_COMMA = YES;
				CLANG_WARN_CONSTANT_CONVERSION = YES;
				CLANG_WARN_DIRECT_OBJC_ISA_USAGE = YES_ERROR;
				CLANG_WARN_DOCUMENTATION_COMMENTS = YES;
				CLANG_WARN_EMPTY_BODY = YES;
				CLANG_WARN_ENUM_CONVERSION = YES;
				CLANG_WARN_INFINITE_RECURSION = YES;
				CLANG_WARN_INT_CONVERSION = YES;
				CLANG_WARN_NON_LITERAL_NULL_CONVERSION = YES;
				CLANG_WARN_OBJC_LITERAL_CONVERSION = YES;
				CLANG_WARN_OBJC_ROOT_CLASS = YES_ERROR;
				CLANG_WARN_RANGE_LOOP_ANALYSIS = YES;
				CLANG_WARN_STRICT_PROTOTYPES = YES;
				CLANG_WARN_SUSPICIOUS_MOVE = YES;
				CLANG_WARN_UNGUARDED_AVAILABILITY = YES_AGGRESSIVE;
				CLANG_WARN_UNREACHABLE_CODE = YES;
				CLANG_WARN__DUPLICATE_METHOD_MATCH = YES;
				CODE_SIGN_IDENTITY = "iPhone Developer";
				COPY_PHASE_STRIP = NO;
				DEBUG_INFORMATION_FORMAT = "dwarf-with-dsym";
				ENABLE_NS_ASSERTIONS = NO;
				ENABLE_STRICT_OBJC_MSGSEND = YES;
				GCC_C_LANGUAGE_STANDARD = gnu11;
				GCC_NO_COMMON_BLOCKS = YES;
				GCC_WARN_64_TO_32_BIT_CONVERSION = YES;
				GCC_WARN_ABOUT_RETURN_TYPE = YES_ERROR;
				GCC_WARN_UNDECLARED_SELECTOR = YES;
				GCC_WARN_UNINITIALIZED_AUTOS = YES_AGGRESSIVE;
				GCC_WARN_UNUSED_FUNCTION = YES;
				GCC_WARN_UNUSED_VARIABLE = YES;
				IPHONEOS_DEPLOYMENT_TARGET = 11.2;
				MTL_ENABLE_DEBUG_INFO = NO;
				SDKROOT = iphoneos;
				SWIFT_OPTIMIZATION_LEVEL = "-Owholemodule";
				VALIDATE_PRODUCT = YES;
			};
			name = Release;
		};
		6EB9D7BD2050515E0033399D /* Debug */ = {
			isa = XCBuildConfiguration;
			baseConfigurationReference = 216115232FF2026C0652E0D5 /* Pods-FilmsBoard.debug.xcconfig */;
			buildSettings = {
				ASSETCATALOG_COMPILER_APPICON_NAME = AppIcon;
				CODE_SIGN_STYLE = Automatic;
				DEVELOPMENT_TEAM = A5UCFNWB8C;
				INFOPLIST_FILE = FilmsBoard/Info.plist;
				LD_RUNPATH_SEARCH_PATHS = "$(inherited) @executable_path/Frameworks";
				PRODUCT_BUNDLE_IDENTIFIER = es.upsa.mimo.FilmsBoard;
				PRODUCT_NAME = "$(TARGET_NAME)";
				SWIFT_VERSION = 4.0;
				TARGETED_DEVICE_FAMILY = "1,2";
			};
			name = Debug;
		};
		6EB9D7BE2050515E0033399D /* Release */ = {
			isa = XCBuildConfiguration;
			baseConfigurationReference = AF220B54FBDFB57EB01B33D5 /* Pods-FilmsBoard.release.xcconfig */;
			buildSettings = {
				ASSETCATALOG_COMPILER_APPICON_NAME = AppIcon;
				CODE_SIGN_STYLE = Automatic;
				DEVELOPMENT_TEAM = A5UCFNWB8C;
				INFOPLIST_FILE = FilmsBoard/Info.plist;
				LD_RUNPATH_SEARCH_PATHS = "$(inherited) @executable_path/Frameworks";
				PRODUCT_BUNDLE_IDENTIFIER = es.upsa.mimo.FilmsBoard;
				PRODUCT_NAME = "$(TARGET_NAME)";
				SWIFT_VERSION = 4.0;
				TARGETED_DEVICE_FAMILY = "1,2";
			};
			name = Release;
		};
/* End XCBuildConfiguration section */

/* Begin XCConfigurationList section */
		6EB9D7A52050515E0033399D /* Build configuration list for PBXProject "FilmsBoard" */ = {
			isa = XCConfigurationList;
			buildConfigurations = (
				6EB9D7BA2050515E0033399D /* Debug */,
				6EB9D7BB2050515E0033399D /* Release */,
			);
			defaultConfigurationIsVisible = 0;
			defaultConfigurationName = Release;
		};
		6EB9D7BC2050515E0033399D /* Build configuration list for PBXNativeTarget "FilmsBoard" */ = {
			isa = XCConfigurationList;
			buildConfigurations = (
				6EB9D7BD2050515E0033399D /* Debug */,
				6EB9D7BE2050515E0033399D /* Release */,
			);
			defaultConfigurationIsVisible = 0;
			defaultConfigurationName = Release;
		};
/* End XCConfigurationList section */
	};
	rootObject = 6EB9D7A22050515E0033399D /* Project object */;
}
